
Microsoft Visual Studio Solution File, Format Version 12.00
# Visual Studio Version 17
VisualStudioVersion = 17.2.32526.322
MinimumVisualStudioVersion = 10.0.40219.1
Project("{FAE04EC0-301F-11D3-BF4B-00C04F79EFBC}") = "TBotFinal", "TBotFinal\TBotFinal.csproj", "{93DA5A26-3944-4B3F-A57D-96B50A34237F}"
EndProject
Global
	GlobalSection(SolutionConfigurationPlatforms) = preSolution
		Debug|Any CPU = Debug|Any CPU
		Release|Any CPU = Release|Any CPU
	EndGlobalSection
	GlobalSection(ProjectConfigurationPlatforms) = postSolution
		{93DA5A26-3944-4B3F-A57D-96B50A34237F}.Debug|Any CPU.ActiveCfg = Debug|Any CPU
		{93DA5A26-3944-4B3F-A57D-96B50A34237F}.Debug|Any CPU.Build.0 = Debug|Any CPU
		{93DA5A26-3944-4B3F-A57D-96B50A34237F}.Release|Any CPU.ActiveCfg = Release|Any CPU
		{93DA5A26-3944-4B3F-A57D-96B50A34237F}.Release|Any CPU.Build.0 = Release|Any CPU
	EndGlobalSection
	GlobalSection(SolutionProperties) = preSolution
		HideSolutionNode = FALSE
	EndGlobalSection
	GlobalSection(ExtensibilityGlobals) = postSolution
		SolutionGuid = {E594EB2F-C2B0-47B7-BA3A-E686660B7C19}
	EndGlobalSection
EndGlobal
